
Microsoft Visual Studio Solution File, Format Version 12.00
# Visual Studio Version 17
VisualStudioVersion = 17.7.34031.279
MinimumVisualStudioVersion = 10.0.40219.1
Project("{FAE04EC0-301F-11D3-BF4B-00C04F79EFBC}") = "Hospital_Managment_System", "Hospital_Managment_System\Hospital_Managment_System.csproj", "{C0EA3774-511F-4AA9-ACB9-6EC4AF9168D7}"
EndProject
Global
	GlobalSection(SolutionConfigurationPlatforms) = preSolution
		Debug|Any CPU = Debug|Any CPU
		Release|Any CPU = Release|Any CPU
	EndGlobalSection
	GlobalSection(ProjectConfigurationPlatforms) = postSolution
		{C0EA3774-511F-4AA9-ACB9-6EC4AF9168D7}.Debug|Any CPU.ActiveCfg = Debug|Any CPU
		{C0EA3774-511F-4AA9-ACB9-6EC4AF9168D7}.Debug|Any CPU.Build.0 = Debug|Any CPU
		{C0EA3774-511F-4AA9-ACB9-6EC4AF9168D7}.Release|Any CPU.ActiveCfg = Release|Any CPU
		{C0EA3774-511F-4AA9-ACB9-6EC4AF9168D7}.Release|Any CPU.Build.0 = Release|Any CPU
	EndGlobalSection
	GlobalSection(SolutionProperties) = preSolution
		HideSolutionNode = FALSE
	EndGlobalSection
	GlobalSection(ExtensibilityGlobals) = postSolution
		SolutionGuid = {754D1398-D8C4-4B54-A0A3-D6FFCDCFD522}
	EndGlobalSection
EndGlobal
